{
  "version": 4,
  "terraform_version": "1.2.1",
  "serial": 6,
  "lineage": "ac05657d-21c1-cc19-58ef-788a7bfe1309",
  "outputs": {},
  "resources": [
    {
      "mode": "managed",
      "type": "aws_instance",
      "name": "example",
      "provider": "provider[\"registry.terraform.io/hashicorp/aws\"]",
      "instances": [
        {
          "schema_version": 1,
          "attributes": {
            "ami": "ami-13be557e",
            "arn": "arn:aws:ec2:us-east-1:314319736466:instance/i-0c7857533446625bc",
            "associate_public_ip_address": true,
            "availability_zone": "us-east-1b",
            "capacity_reservation_specification": [
              {
                "capacity_reservation_preference": "open",
                "capacity_reservation_target": []
              }
            ],
            "cpu_core_count": 1,
            "cpu_threads_per_core": 1,
            "credit_specification": [
              {
                "cpu_credits": "standard"
              }
            ],
            "disable_api_termination": false,
            "ebs_block_device": [],
            "ebs_optimized": false,
            "enclave_options": [
              {
                "enabled": false
              }
            ],
            "ephemeral_block_device": [],
            "get_password_data": false,
            "hibernation": false,
            "host_id": null,
            "iam_instance_profile": "",
            "id": "i-0c7857533446625bc",
            "instance_initiated_shutdown_behavior": "stop",
            "instance_state": "running",
            "instance_type": "t2.micro",
            "ipv6_address_count": 0,
            "ipv6_addresses": [],
            "key_name": "mykey",
            "launch_template": [],
            "maintenance_options": [
              {
                "auto_recovery": "default"
              }
            ],
            "metadata_options": [
              {
                "http_endpoint": "enabled",
                "http_put_response_hop_limit": 1,
                "http_tokens": "optional",
                "instance_metadata_tags": "disabled"
              }
            ],
            "monitoring": false,
            "network_interface": [],
            "outpost_arn": "",
            "password_data": "",
            "placement_group": "",
            "placement_partition_number": null,
            "primary_network_interface_id": "eni-0abbf5ff70f0c7090",
            "private_dns": "ip-172-31-16-252.ec2.internal",
            "private_ip": "172.31.16.252",
            "public_dns": "ec2-52-72-118-20.compute-1.amazonaws.com",
            "public_ip": "52.72.118.20",
            "root_block_device": [
              {
                "delete_on_termination": true,
                "device_name": "/dev/sda1",
                "encrypted": false,
                "iops": 100,
                "kms_key_id": "",
                "tags": {},
                "throughput": 0,
                "volume_id": "vol-0f0220286390c8222",
                "volume_size": 8,
                "volume_type": "gp2"
              }
            ],
            "secondary_private_ips": [],
            "security_groups": [
              "default"
            ],
            "source_dest_check": true,
            "subnet_id": "subnet-0e80df43",
            "tags": null,
            "tags_all": {},
            "tenancy": "default",
            "timeouts": null,
            "user_data": null,
            "user_data_base64": null,
            "user_data_replace_on_change": false,
            "volume_tags": null,
            "vpc_security_group_ids": [
              "sg-6c46f95a"
            ]
          },
          "sensitive_attributes": [],
          "private": "eyJlMmJmYjczMC1lY2FhLTExZTYtOGY4OC0zNDM2M2JjN2M0YzAiOnsiY3JlYXRlIjo2MDAwMDAwMDAwMDAsImRlbGV0ZSI6MTIwMDAwMDAwMDAwMCwidXBkYXRlIjo2MDAwMDAwMDAwMDB9LCJzY2hlbWFfdmVyc2lvbiI6IjEifQ==",
          "dependencies": [
            "aws_key_pair.mykey"
          ]
        }
      ]
    },
    {
      "mode": "managed",
      "type": "aws_key_pair",
      "name": "mykey",
      "provider": "provider[\"registry.terraform.io/hashicorp/aws\"]",
      "instances": [
        {
          "schema_version": 1,
          "attributes": {
            "arn": "arn:aws:ec2:us-east-1:314319736466:key-pair/mykey",
            "fingerprint": "5f:89:80:29:03:65:8d:5f:16:3c:92:b7:44:3e:67:ca",
            "id": "mykey",
            "key_name": "mykey",
            "key_name_prefix": "",
            "key_pair_id": "key-0b9c98765bc4d2b77",
            "public_key": "ssh-rsa AAAAB3NzaC1yc2EAAAADAQABAAABgQD3BZGqS8XJ+sTC3/A0/56aLWCy7oAtMgdfK4ZUkXA4nzUJXZLehpNOWraXd/F9WNk2FjX+f+qB5XJeMkMariUzk0rpmNblyNkCeMvxrd35CdgV5oWk08SjKIkrjraTmNLGeCh2ocJx4nGXSA98z4nhOQiRZhNCPzjlmXKk3qbyLZpoN2wziuCfIbDE9Y98f8jMwvr+Nf4PnkKqI30xnGmDH9Zx5ufSZaySuh2I/2BeaO4umN9EdxW7zrTeKa+HzWPk6pTpd7aC/Pd9fxrzPF2ceSgHp5h5c8+9wIhCu6h0+v8HjZ7+SCEeDFGXaAFQFQocto/H0tq6B3FuvKlXKGSVvn7M7NoIQNRgsyB9oyc5Kk11GJ8cS9t8PCaV1+tL/mAEI9Axwk+qrFuwRjZbx+wdQfK5re+FrXNoLrwpcOF/T6U9LEm5pn4jg7oLkSNO1QUN6ydqj0fhrZxXF5UyH+tmpTjSMXByb4HfoM4SS7Ry6F637B8tnDVTqcO1O+SOqeU= salome@MacBook-Air-de-Salome.local",
            "tags": {},
            "tags_all": {}
          },
          "sensitive_attributes": [],
          "private": "eyJzY2hlbWFfdmVyc2lvbiI6IjEifQ=="
        }
      ]
    }
  ]
}
